# This file is generated by running "yarn install" inside your project.
# Manual changes might be lost - proceed with caution!

__metadata:
  version: 8
  cacheKey: 10c0

"@types/node@npm:^20.10.4":
  version: 20.10.4
  resolution: "@types/node@npm:20.10.4"
  dependencies:
    undici-types: "npm:~5.26.4"
  checksum: 2c8b70cba731eb2ae3ae046daa74903bfcbb0e7b9196da767e5895054f6d252296ae7a04fb1dbbcb53bb004c4c658c05eaea2731bc9e2dd9e08f7e88d672f563
  languageName: node
  linkType: hard

"advent-of-star@workspace:.":
  version: 0.0.0-use.local
  resolution: "advent-of-star@workspace:."
  dependencies:
    "@types/node": "npm:^20.10.4"
  languageName: unknown
  linkType: soft

"undici-types@npm:~5.26.4":
  version: 5.26.5
  resolution: "undici-types@npm:5.26.5"
  checksum: bb673d7876c2d411b6eb6c560e0c571eef4a01c1c19925175d16e3a30c4c428181fb8d7ae802a261f283e4166a0ac435e2f505743aa9e45d893f9a3df017b501
  languageName: node
  linkType: hard
